
Microsoft Visual Studio Solution File, Format Version 12.00
# Visual Studio 15
VisualStudioVersion = 15.0.26124.0
MinimumVisualStudioVersion = 15.0.26124.0
Project("{FAE04EC0-301F-11D3-BF4B-00C04F79EFBC}") = "KeyCrawler.WebApi", "KeyCrawler.WebApi\KeyCrawler.WebApi.csproj", "{1E0E16CB-A63C-4922-9C5A-B40F5DE7CDAC}"
EndProject
Project("{FAE04EC0-301F-11D3-BF4B-00C04F79EFBC}") = "KeyCrawler.Contracts", "KeyCrawler.Contracts\KeyCrawler.Contracts.csproj", "{D79FD0EB-30FA-4BF7-804F-54F672E8E333}"
EndProject
Project("{FAE04EC0-301F-11D3-BF4B-00C04F79EFBC}") = "KeyCrawler.Domain", "KeyCrawler.Domain\KeyCrawler.Domain.csproj", "{43C8B88C-08CB-42EC-8475-EE6057FB68A9}"
EndProject
Project("{FAE04EC0-301F-11D3-BF4B-00C04F79EFBC}") = "KeyCrawler.Persistence", "KeyCrawler.Persistence\KeyCrawler.Persistence.csproj", "{67CF0A80-C031-490C-92D4-E38608839564}"
EndProject
Project("{FAE04EC0-301F-11D3-BF4B-00C04F79EFBC}") = "KeyCrawler.Service", "KeyCrawler.Service\KeyCrawler.Service.csproj", "{7F876360-ED43-4734-B96A-11DB224A1426}"
EndProject
Global
	GlobalSection(SolutionConfigurationPlatforms) = preSolution
		Debug|Any CPU = Debug|Any CPU
		Debug|x64 = Debug|x64
		Debug|x86 = Debug|x86
		Release|Any CPU = Release|Any CPU
		Release|x64 = Release|x64
		Release|x86 = Release|x86
	EndGlobalSection
	GlobalSection(SolutionProperties) = preSolution
		HideSolutionNode = FALSE
	EndGlobalSection
	GlobalSection(ProjectConfigurationPlatforms) = postSolution
		{D79FD0EB-30FA-4BF7-804F-54F672E8E333}.Debug|Any CPU.ActiveCfg = Debug|Any CPU
		{D79FD0EB-30FA-4BF7-804F-54F672E8E333}.Debug|Any CPU.Build.0 = Debug|Any CPU
		{D79FD0EB-30FA-4BF7-804F-54F672E8E333}.Debug|x64.ActiveCfg = Debug|Any CPU
		{D79FD0EB-30FA-4BF7-804F-54F672E8E333}.Debug|x64.Build.0 = Debug|Any CPU
		{D79FD0EB-30FA-4BF7-804F-54F672E8E333}.Debug|x86.ActiveCfg = Debug|Any CPU
		{D79FD0EB-30FA-4BF7-804F-54F672E8E333}.Debug|x86.Build.0 = Debug|Any CPU
		{D79FD0EB-30FA-4BF7-804F-54F672E8E333}.Release|Any CPU.ActiveCfg = Release|Any CPU
		{D79FD0EB-30FA-4BF7-804F-54F672E8E333}.Release|Any CPU.Build.0 = Release|Any CPU
		{D79FD0EB-30FA-4BF7-804F-54F672E8E333}.Release|x64.ActiveCfg = Release|Any CPU
		{D79FD0EB-30FA-4BF7-804F-54F672E8E333}.Release|x64.Build.0 = Release|Any CPU
		{D79FD0EB-30FA-4BF7-804F-54F672E8E333}.Release|x86.ActiveCfg = Release|Any CPU
		{D79FD0EB-30FA-4BF7-804F-54F672E8E333}.Release|x86.Build.0 = Release|Any CPU
		{43C8B88C-08CB-42EC-8475-EE6057FB68A9}.Debug|Any CPU.ActiveCfg = Debug|Any CPU
		{43C8B88C-08CB-42EC-8475-EE6057FB68A9}.Debug|Any CPU.Build.0 = Debug|Any CPU
		{43C8B88C-08CB-42EC-8475-EE6057FB68A9}.Debug|x64.ActiveCfg = Debug|Any CPU
		{43C8B88C-08CB-42EC-8475-EE6057FB68A9}.Debug|x64.Build.0 = Debug|Any CPU
		{43C8B88C-08CB-42EC-8475-EE6057FB68A9}.Debug|x86.ActiveCfg = Debug|Any CPU
		{43C8B88C-08CB-42EC-8475-EE6057FB68A9}.Debug|x86.Build.0 = Debug|Any CPU
		{43C8B88C-08CB-42EC-8475-EE6057FB68A9}.Release|Any CPU.ActiveCfg = Release|Any CPU
		{43C8B88C-08CB-42EC-8475-EE6057FB68A9}.Release|Any CPU.Build.0 = Release|Any CPU
		{43C8B88C-08CB-42EC-8475-EE6057FB68A9}.Release|x64.ActiveCfg = Release|Any CPU
		{43C8B88C-08CB-42EC-8475-EE6057FB68A9}.Release|x64.Build.0 = Release|Any CPU
		{43C8B88C-08CB-42EC-8475-EE6057FB68A9}.Release|x86.ActiveCfg = Release|Any CPU
		{43C8B88C-08CB-42EC-8475-EE6057FB68A9}.Release|x86.Build.0 = Release|Any CPU
		{67CF0A80-C031-490C-92D4-E38608839564}.Debug|Any CPU.ActiveCfg = Debug|Any CPU
		{67CF0A80-C031-490C-92D4-E38608839564}.Debug|Any CPU.Build.0 = Debug|Any CPU
		{67CF0A80-C031-490C-92D4-E38608839564}.Debug|x64.ActiveCfg = Debug|Any CPU
		{67CF0A80-C031-490C-92D4-E38608839564}.Debug|x64.Build.0 = Debug|Any CPU
		{67CF0A80-C031-490C-92D4-E38608839564}.Debug|x86.ActiveCfg = Debug|Any CPU
		{67CF0A80-C031-490C-92D4-E38608839564}.Debug|x86.Build.0 = Debug|Any CPU
		{67CF0A80-C031-490C-92D4-E38608839564}.Release|Any CPU.ActiveCfg = Release|Any CPU
		{67CF0A80-C031-490C-92D4-E38608839564}.Release|Any CPU.Build.0 = Release|Any CPU
		{67CF0A80-C031-490C-92D4-E38608839564}.Release|x64.ActiveCfg = Release|Any CPU
		{67CF0A80-C031-490C-92D4-E38608839564}.Release|x64.Build.0 = Release|Any CPU
		{67CF0A80-C031-490C-92D4-E38608839564}.Release|x86.ActiveCfg = Release|Any CPU
		{67CF0A80-C031-490C-92D4-E38608839564}.Release|x86.Build.0 = Release|Any CPU
		{7F876360-ED43-4734-B96A-11DB224A1426}.Debug|Any CPU.ActiveCfg = Debug|Any CPU
		{7F876360-ED43-4734-B96A-11DB224A1426}.Debug|Any CPU.Build.0 = Debug|Any CPU
		{7F876360-ED43-4734-B96A-11DB224A1426}.Debug|x64.ActiveCfg = Debug|Any CPU
		{7F876360-ED43-4734-B96A-11DB224A1426}.Debug|x64.Build.0 = Debug|Any CPU
		{7F876360-ED43-4734-B96A-11DB224A1426}.Debug|x86.ActiveCfg = Debug|Any CPU
		{7F876360-ED43-4734-B96A-11DB224A1426}.Debug|x86.Build.0 = Debug|Any CPU
		{7F876360-ED43-4734-B96A-11DB224A1426}.Release|Any CPU.ActiveCfg = Release|Any CPU
		{7F876360-ED43-4734-B96A-11DB224A1426}.Release|Any CPU.Build.0 = Release|Any CPU
		{7F876360-ED43-4734-B96A-11DB224A1426}.Release|x64.ActiveCfg = Release|Any CPU
		{7F876360-ED43-4734-B96A-11DB224A1426}.Release|x64.Build.0 = Release|Any CPU
		{7F876360-ED43-4734-B96A-11DB224A1426}.Release|x86.ActiveCfg = Release|Any CPU
		{7F876360-ED43-4734-B96A-11DB224A1426}.Release|x86.Build.0 = Release|Any CPU
		{1E0E16CB-A63C-4922-9C5A-B40F5DE7CDAC}.Debug|Any CPU.ActiveCfg = Debug|Any CPU
		{1E0E16CB-A63C-4922-9C5A-B40F5DE7CDAC}.Debug|Any CPU.Build.0 = Debug|Any CPU
		{1E0E16CB-A63C-4922-9C5A-B40F5DE7CDAC}.Debug|x64.ActiveCfg = Debug|Any CPU
		{1E0E16CB-A63C-4922-9C5A-B40F5DE7CDAC}.Debug|x64.Build.0 = Debug|Any CPU
		{1E0E16CB-A63C-4922-9C5A-B40F5DE7CDAC}.Debug|x86.ActiveCfg = Debug|Any CPU
		{1E0E16CB-A63C-4922-9C5A-B40F5DE7CDAC}.Debug|x86.Build.0 = Debug|Any CPU
		{1E0E16CB-A63C-4922-9C5A-B40F5DE7CDAC}.Release|Any CPU.ActiveCfg = Release|Any CPU
		{1E0E16CB-A63C-4922-9C5A-B40F5DE7CDAC}.Release|Any CPU.Build.0 = Release|Any CPU
		{1E0E16CB-A63C-4922-9C5A-B40F5DE7CDAC}.Release|x64.ActiveCfg = Release|Any CPU
		{1E0E16CB-A63C-4922-9C5A-B40F5DE7CDAC}.Release|x64.Build.0 = Release|Any CPU
		{1E0E16CB-A63C-4922-9C5A-B40F5DE7CDAC}.Release|x86.ActiveCfg = Release|Any CPU
		{1E0E16CB-A63C-4922-9C5A-B40F5DE7CDAC}.Release|x86.Build.0 = Release|Any CPU
	EndGlobalSection
EndGlobal
